// !$*UTF8*$!
{
	archiveVersion = 1;
	classes = {
	};
	objectVersion = 46;
	objects = {

/* Begin PBXBuildFile section */
		44EADB40BCBEBA34205EE462 /* EntryField.swift in Sources */ = {isa = PBXBuildFile; fileRef = 44EAD2E3FB6C64388E7217AF /* EntryField.swift */; };
		44EADF943D0F20BB9E526F99 /* BaseEntryCell.swift in Sources */ = {isa = PBXBuildFile; fileRef = 44EAD3F996AD30B6BEF1CD91 /* BaseEntryCell.swift */; };
		B10EDFAF1BFA680A00FE8E20 /* Righteous-Regular.ttf in Resources */ = {isa = PBXBuildFile; fileRef = B10EDFAC1BFA680900FE8E20 /* Righteous-Regular.ttf */; };
		B10EDFB01BFA680A00FE8E20 /* SF-UI-Display-Medium.otf in Resources */ = {isa = PBXBuildFile; fileRef = B10EDFAD1BFA680A00FE8E20 /* SF-UI-Display-Medium.otf */; };
		B10EDFB11BFA680A00FE8E20 /* SF-UI-Display-Semibold.otf in Resources */ = {isa = PBXBuildFile; fileRef = B10EDFAE1BFA680A00FE8E20 /* SF-UI-Display-Semibold.otf */; };
		B10EDFC61BFA685300FE8E20 /* Discover.storyboard in Resources */ = {isa = PBXBuildFile; fileRef = B10EDFB41BFA685300FE8E20 /* Discover.storyboard */; };
		B10EDFC71BFA685300FE8E20 /* Main.storyboard in Resources */ = {isa = PBXBuildFile; fileRef = B10EDFB51BFA685300FE8E20 /* Main.storyboard */; };
		B10EDFC81BFA685300FE8E20 /* TabBarViewController.swift in Sources */ = {isa = PBXBuildFile; fileRef = B10EDFB61BFA685300FE8E20 /* TabBarViewController.swift */; };
		B10EDFC91BFA685300FE8E20 /* EntryViewController.swift in Sources */ = {isa = PBXBuildFile; fileRef = B10EDFB81BFA685300FE8E20 /* EntryViewController.swift */; };
		B10EDFCA1BFA685300FE8E20 /* ForgetPasswordViewController.swift in Sources */ = {isa = PBXBuildFile; fileRef = B10EDFB91BFA685300FE8E20 /* ForgetPasswordViewController.swift */; };
		B10EDFCB1BFA685300FE8E20 /* LogIn.storyboard in Resources */ = {isa = PBXBuildFile; fileRef = B10EDFBA1BFA685300FE8E20 /* LogIn.storyboard */; };
		B10EDFCC1BFA685300FE8E20 /* LogInSignUpViewController.swift in Sources */ = {isa = PBXBuildFile; fileRef = B10EDFBB1BFA685300FE8E20 /* LogInSignUpViewController.swift */; };
		B10EDFCD1BFA685300FE8E20 /* LoginViewController.swift in Sources */ = {isa = PBXBuildFile; fileRef = B10EDFBC1BFA685300FE8E20 /* LoginViewController.swift */; };
		B10EDFCE1BFA685300FE8E20 /* SignUpViewController.swift in Sources */ = {isa = PBXBuildFile; fileRef = B10EDFBD1BFA685300FE8E20 /* SignUpViewController.swift */; };
		B10EDFCF1BFA685300FE8E20 /* TopAlertView.swift in Sources */ = {isa = PBXBuildFile; fileRef = B10EDFC01BFA685300FE8E20 /* TopAlertView.swift */; };
		B10EDFD01BFA685300FE8E20 /* AlertPanel.xib in Resources */ = {isa = PBXBuildFile; fileRef = B10EDFC11BFA685300FE8E20 /* AlertPanel.xib */; };
		B10EDFD11BFA685300FE8E20 /* UIRadiusButton.swift in Sources */ = {isa = PBXBuildFile; fileRef = B10EDFC31BFA685300FE8E20 /* UIRadiusButton.swift */; };
		B10EDFD41BFA694600FE8E20 /* Default-568h@2x.png in Resources */ = {isa = PBXBuildFile; fileRef = B10EDFD31BFA694600FE8E20 /* Default-568h@2x.png */; };
		B170316A1BFA7AA5008A8363 /* ValidationAndTopAlertView.swift in Sources */ = {isa = PBXBuildFile; fileRef = B17031691BFA7AA5008A8363 /* ValidationAndTopAlertView.swift */; };
		B170316C1BFAA4F9008A8363 /* Keyboard.swift in Sources */ = {isa = PBXBuildFile; fileRef = B170316B1BFAA4F9008A8363 /* Keyboard.swift */; };
		B1A750551BFA5308002E92AF /* ZimcherTests.swift in Sources */ = {isa = PBXBuildFile; fileRef = B1A750541BFA5308002E92AF /* ZimcherTests.swift */; };
		B1B109531C11FE5800161063 /* OnSubmitCallbackGenerator.swift in Sources */ = {isa = PBXBuildFile; fileRef = B1B109521C11FE5800161063 /* OnSubmitCallbackGenerator.swift */; };
		B1B51AFC1C10ACD3001EE278 /* Palette.swift in Sources */ = {isa = PBXBuildFile; fileRef = B1B51AFB1C10ACD3001EE278 /* Palette.swift */; };
		B1B51AFE1C10AD1D001EE278 /* APIEndpoints.swift in Sources */ = {isa = PBXBuildFile; fileRef = B1B51AFD1C10AD1D001EE278 /* APIEndpoints.swift */; };
		B1B51B001C10AD69001EE278 /* Styling.swift in Sources */ = {isa = PBXBuildFile; fileRef = B1B51AFF1C10AD69001EE278 /* Styling.swift */; };
		B1B51B021C10ADAD001EE278 /* Validation.swift in Sources */ = {isa = PBXBuildFile; fileRef = B1B51B011C10ADAD001EE278 /* Validation.swift */; };
		B1B51B051C10AED0001EE278 /* EntryFieldData.swift in Sources */ = {isa = PBXBuildFile; fileRef = B1B51B041C10AED0001EE278 /* EntryFieldData.swift */; };
		B1B51B081C10CD94001EE278 /* BasicEntryCell.swift in Sources */ = {isa = PBXBuildFile; fileRef = B1B51B071C10CD94001EE278 /* BasicEntryCell.swift */; };
		B86160551BFA63F30014E1D0 /* Assets.xcassets in Resources */ = {isa = PBXBuildFile; fileRef = B86160531BFA63F30014E1D0 /* Assets.xcassets */; };
		B861605A1BFA63F90014E1D0 /* AppDelegate.swift in Sources */ = {isa = PBXBuildFile; fileRef = B86160571BFA63F90014E1D0 /* AppDelegate.swift */; };
		B861605C1BFA63F90014E1D0 /* LaunchScreen.storyboard in Resources */ = {isa = PBXBuildFile; fileRef = B86160591BFA63F90014E1D0 /* LaunchScreen.storyboard */; };
		B861608B1BFA640A0014E1D0 /* Constants.swift in Sources */ = {isa = PBXBuildFile; fileRef = B861607F1BFA640A0014E1D0 /* Constants.swift */; };
		B861608C1BFA640A0014E1D0 /* UIValidatableTextField.swift in Sources */ = {isa = PBXBuildFile; fileRef = B86160811BFA640A0014E1D0 /* UIValidatableTextField.swift */; };
		B861608D1BFA640A0014E1D0 /* TextValidation.swift in Sources */ = {isa = PBXBuildFile; fileRef = B86160821BFA640A0014E1D0 /* TextValidation.swift */; };
		B861608E1BFA640A0014E1D0 /* UIImageExtensions.swift in Sources */ = {isa = PBXBuildFile; fileRef = B86160841BFA640A0014E1D0 /* UIImageExtensions.swift */; };
		B861608F1BFA640A0014E1D0 /* MIME.swift in Sources */ = {isa = PBXBuildFile; fileRef = B86160851BFA640A0014E1D0 /* MIME.swift */; };
		B86160901BFA640A0014E1D0 /* MixedStream.swift in Sources */ = {isa = PBXBuildFile; fileRef = B86160861BFA640A0014E1D0 /* MixedStream.swift */; };
		B86160911BFA640A0014E1D0 /* MultipartUpload.swift in Sources */ = {isa = PBXBuildFile; fileRef = B86160881BFA640A0014E1D0 /* MultipartUpload.swift */; };
		B86160921BFA640A0014E1D0 /* Networking.swift in Sources */ = {isa = PBXBuildFile; fileRef = B86160891BFA640A0014E1D0 /* Networking.swift */; };
		B86160931BFA640A0014E1D0 /* TaskCreator.swift in Sources */ = {isa = PBXBuildFile; fileRef = B861608A1BFA640A0014E1D0 /* TaskCreator.swift */; };
		B86160A01BFA73340014E1D0 /* ZCViewController.swift in Sources */ = {isa = PBXBuildFile; fileRef = B861609F1BFA73340014E1D0 /* ZCViewController.swift */; };
/* End PBXBuildFile section */

/* Begin PBXContainerItemProxy section */
		B1A750511BFA5308002E92AF /* PBXContainerItemProxy */ = {
			isa = PBXContainerItemProxy;
			containerPortal = B1A750341BFA5307002E92AF /* Project object */;
			proxyType = 1;
			remoteGlobalIDString = B1A7503B1BFA5307002E92AF;
			remoteInfo = Zimcher;
		};
/* End PBXContainerItemProxy section */

/* Begin PBXFileReference section */
		44EAD2E3FB6C64388E7217AF /* EntryField.swift */ = {isa = PBXFileReference; fileEncoding = 4; lastKnownFileType = sourcecode.swift; name = EntryField.swift; path = EntryField/EntryField.swift; sourceTree = "<group>"; };
		44EAD3F996AD30B6BEF1CD91 /* BaseEntryCell.swift */ = {isa = PBXFileReference; fileEncoding = 4; lastKnownFileType = sourcecode.swift; name = BaseEntryCell.swift; path = "Zimcher/UIKit Objects/UI Helpers/EntryField/BaseEntryCell.swift"; sourceTree = SOURCE_ROOT; };
		B10EDFAC1BFA680900FE8E20 /* Righteous-Regular.ttf */ = {isa = PBXFileReference; lastKnownFileType = file; path = "Righteous-Regular.ttf"; sourceTree = "<group>"; };
		B10EDFAD1BFA680A00FE8E20 /* SF-UI-Display-Medium.otf */ = {isa = PBXFileReference; lastKnownFileType = file; path = "SF-UI-Display-Medium.otf"; sourceTree = "<group>"; };
		B10EDFAE1BFA680A00FE8E20 /* SF-UI-Display-Semibold.otf */ = {isa = PBXFileReference; lastKnownFileType = file; path = "SF-UI-Display-Semibold.otf"; sourceTree = "<group>"; };
		B10EDFB41BFA685300FE8E20 /* Discover.storyboard */ = {isa = PBXFileReference; fileEncoding = 4; lastKnownFileType = file.storyboard; path = Discover.storyboard; sourceTree = "<group>"; };
		B10EDFB51BFA685300FE8E20 /* Main.storyboard */ = {isa = PBXFileReference; fileEncoding = 4; lastKnownFileType = file.storyboard; path = Main.storyboard; sourceTree = "<group>"; };
		B10EDFB61BFA685300FE8E20 /* TabBarViewController.swift */ = {isa = PBXFileReference; fileEncoding = 4; lastKnownFileType = sourcecode.swift; path = TabBarViewController.swift; sourceTree = "<group>"; };
		B10EDFB81BFA685300FE8E20 /* EntryViewController.swift */ = {isa = PBXFileReference; fileEncoding = 4; lastKnownFileType = sourcecode.swift; path = EntryViewController.swift; sourceTree = "<group>"; };
		B10EDFB91BFA685300FE8E20 /* ForgetPasswordViewController.swift */ = {isa = PBXFileReference; fileEncoding = 4; lastKnownFileType = sourcecode.swift; path = ForgetPasswordViewController.swift; sourceTree = "<group>"; };
		B10EDFBA1BFA685300FE8E20 /* LogIn.storyboard */ = {isa = PBXFileReference; fileEncoding = 4; lastKnownFileType = file.storyboard; path = LogIn.storyboard; sourceTree = "<group>"; };
		B10EDFBB1BFA685300FE8E20 /* LogInSignUpViewController.swift */ = {isa = PBXFileReference; fileEncoding = 4; lastKnownFileType = sourcecode.swift; path = LogInSignUpViewController.swift; sourceTree = "<group>"; };
		B10EDFBC1BFA685300FE8E20 /* LoginViewController.swift */ = {isa = PBXFileReference; fileEncoding = 4; lastKnownFileType = sourcecode.swift; path = LoginViewController.swift; sourceTree = "<group>"; };
		B10EDFBD1BFA685300FE8E20 /* SignUpViewController.swift */ = {isa = PBXFileReference; fileEncoding = 4; lastKnownFileType = sourcecode.swift; path = SignUpViewController.swift; sourceTree = "<group>"; };
		B10EDFC01BFA685300FE8E20 /* TopAlertView.swift */ = {isa = PBXFileReference; fileEncoding = 4; lastKnownFileType = sourcecode.swift; path = TopAlertView.swift; sourceTree = "<group>"; };
		B10EDFC11BFA685300FE8E20 /* AlertPanel.xib */ = {isa = PBXFileReference; fileEncoding = 4; lastKnownFileType = file.xib; path = AlertPanel.xib; sourceTree = "<group>"; };
		B10EDFC31BFA685300FE8E20 /* UIRadiusButton.swift */ = {isa = PBXFileReference; fileEncoding = 4; lastKnownFileType = sourcecode.swift; path = UIRadiusButton.swift; sourceTree = "<group>"; };
		B10EDFD31BFA694600FE8E20 /* Default-568h@2x.png */ = {isa = PBXFileReference; lastKnownFileType = image.png; name = "Default-568h@2x.png"; path = "../../Default-568h@2x.png"; sourceTree = "<group>"; };
		B17031691BFA7AA5008A8363 /* ValidationAndTopAlertView.swift */ = {isa = PBXFileReference; fileEncoding = 4; lastKnownFileType = sourcecode.swift; path = ValidationAndTopAlertView.swift; sourceTree = "<group>"; };
		B170316B1BFAA4F9008A8363 /* Keyboard.swift */ = {isa = PBXFileReference; fileEncoding = 4; lastKnownFileType = sourcecode.swift; path = Keyboard.swift; sourceTree = "<group>"; };
		B1A7503C1BFA5307002E92AF /* Zimcher.app */ = {isa = PBXFileReference; explicitFileType = wrapper.application; includeInIndex = 0; path = Zimcher.app; sourceTree = BUILT_PRODUCTS_DIR; };
		B1A750501BFA5308002E92AF /* ZimcherTests.xctest */ = {isa = PBXFileReference; explicitFileType = wrapper.cfbundle; includeInIndex = 0; path = ZimcherTests.xctest; sourceTree = BUILT_PRODUCTS_DIR; };
		B1A750541BFA5308002E92AF /* ZimcherTests.swift */ = {isa = PBXFileReference; lastKnownFileType = sourcecode.swift; path = ZimcherTests.swift; sourceTree = "<group>"; };
		B1A750561BFA5308002E92AF /* Info.plist */ = {isa = PBXFileReference; lastKnownFileType = text.plist.xml; path = Info.plist; sourceTree = "<group>"; };
		B1B109521C11FE5800161063 /* OnSubmitCallbackGenerator.swift */ = {isa = PBXFileReference; fileEncoding = 4; lastKnownFileType = sourcecode.swift; path = OnSubmitCallbackGenerator.swift; sourceTree = "<group>"; };
		B1B51AFB1C10ACD3001EE278 /* Palette.swift */ = {isa = PBXFileReference; fileEncoding = 4; lastKnownFileType = sourcecode.swift; path = Palette.swift; sourceTree = "<group>"; };
		B1B51AFD1C10AD1D001EE278 /* APIEndpoints.swift */ = {isa = PBXFileReference; fileEncoding = 4; lastKnownFileType = sourcecode.swift; path = APIEndpoints.swift; sourceTree = "<group>"; };
		B1B51AFF1C10AD69001EE278 /* Styling.swift */ = {isa = PBXFileReference; fileEncoding = 4; lastKnownFileType = sourcecode.swift; path = Styling.swift; sourceTree = "<group>"; };
		B1B51B011C10ADAD001EE278 /* Validation.swift */ = {isa = PBXFileReference; fileEncoding = 4; lastKnownFileType = sourcecode.swift; path = Validation.swift; sourceTree = "<group>"; };
		B1B51B041C10AED0001EE278 /* EntryFieldData.swift */ = {isa = PBXFileReference; fileEncoding = 4; lastKnownFileType = sourcecode.swift; path = EntryFieldData.swift; sourceTree = "<group>"; };
		B1B51B071C10CD94001EE278 /* BasicEntryCell.swift */ = {isa = PBXFileReference; fileEncoding = 4; lastKnownFileType = sourcecode.swift; path = BasicEntryCell.swift; sourceTree = "<group>"; };
		B86160531BFA63F30014E1D0 /* Assets.xcassets */ = {isa = PBXFileReference; lastKnownFileType = folder.assetcatalog; path = Assets.xcassets; sourceTree = "<group>"; };
		B86160571BFA63F90014E1D0 /* AppDelegate.swift */ = {isa = PBXFileReference; fileEncoding = 4; lastKnownFileType = sourcecode.swift; path = AppDelegate.swift; sourceTree = "<group>"; };
		B86160581BFA63F90014E1D0 /* Info.plist */ = {isa = PBXFileReference; fileEncoding = 4; lastKnownFileType = text.plist.xml; path = Info.plist; sourceTree = "<group>"; };
		B86160591BFA63F90014E1D0 /* LaunchScreen.storyboard */ = {isa = PBXFileReference; fileEncoding = 4; lastKnownFileType = file.storyboard; path = LaunchScreen.storyboard; sourceTree = "<group>"; };
		B861607F1BFA640A0014E1D0 /* Constants.swift */ = {isa = PBXFileReference; fileEncoding = 4; lastKnownFileType = sourcecode.swift; name = Constants.swift; path = ../Utils/Constants.swift; sourceTree = "<group>"; };
		B86160811BFA640A0014E1D0 /* UIValidatableTextField.swift */ = {isa = PBXFileReference; fileEncoding = 4; lastKnownFileType = sourcecode.swift; path = UIValidatableTextField.swift; sourceTree = "<group>"; };
		B86160821BFA640A0014E1D0 /* TextValidation.swift */ = {isa = PBXFileReference; fileEncoding = 4; lastKnownFileType = sourcecode.swift; path = TextValidation.swift; sourceTree = "<group>"; };
		B86160841BFA640A0014E1D0 /* UIImageExtensions.swift */ = {isa = PBXFileReference; fileEncoding = 4; lastKnownFileType = sourcecode.swift; path = UIImageExtensions.swift; sourceTree = "<group>"; };
		B86160851BFA640A0014E1D0 /* MIME.swift */ = {isa = PBXFileReference; fileEncoding = 4; lastKnownFileType = sourcecode.swift; path = MIME.swift; sourceTree = "<group>"; };
		B86160861BFA640A0014E1D0 /* MixedStream.swift */ = {isa = PBXFileReference; fileEncoding = 4; lastKnownFileType = sourcecode.swift; path = MixedStream.swift; sourceTree = "<group>"; };
		B86160881BFA640A0014E1D0 /* MultipartUpload.swift */ = {isa = PBXFileReference; fileEncoding = 4; lastKnownFileType = sourcecode.swift; path = MultipartUpload.swift; sourceTree = "<group>"; };
		B86160891BFA640A0014E1D0 /* Networking.swift */ = {isa = PBXFileReference; fileEncoding = 4; lastKnownFileType = sourcecode.swift; path = Networking.swift; sourceTree = "<group>"; };
		B861608A1BFA640A0014E1D0 /* TaskCreator.swift */ = {isa = PBXFileReference; fileEncoding = 4; lastKnownFileType = sourcecode.swift; path = TaskCreator.swift; sourceTree = "<group>"; };
		B861609F1BFA73340014E1D0 /* ZCViewController.swift */ = {isa = PBXFileReference; fileEncoding = 4; lastKnownFileType = sourcecode.swift; path = ZCViewController.swift; sourceTree = "<group>"; };
/* End PBXFileReference section */

/* Begin PBXFrameworksBuildPhase section */
		B1A750391BFA5307002E92AF /* Frameworks */ = {
			isa = PBXFrameworksBuildPhase;
			buildActionMask = 2147483647;
			files = (
			);
			runOnlyForDeploymentPostprocessing = 0;
		};
		B1A7504D1BFA5308002E92AF /* Frameworks */ = {
			isa = PBXFrameworksBuildPhase;
			buildActionMask = 2147483647;
			files = (
			);
			runOnlyForDeploymentPostprocessing = 0;
		};
/* End PBXFrameworksBuildPhase section */

/* Begin PBXGroup section */
		B10EDFAB1BFA680900FE8E20 /* Fonts */ = {
			isa = PBXGroup;
			children = (
				B10EDFAC1BFA680900FE8E20 /* Righteous-Regular.ttf */,
				B10EDFAD1BFA680A00FE8E20 /* SF-UI-Display-Medium.otf */,
				B10EDFAE1BFA680A00FE8E20 /* SF-UI-Display-Semibold.otf */,
			);
			path = Fonts;
			sourceTree = "<group>";
		};
		B10EDFB21BFA685300FE8E20 /* UIKit Objects */ = {
			isa = PBXGroup;
			children = (
				B861609E1BFA73340014E1D0 /* BaseViewController */,
				B10EDFB31BFA685300FE8E20 /* MainScenes */,
				B10EDFB71BFA685300FE8E20 /* SignUp&LoginScenes */,
				B10EDFBE1BFA685300FE8E20 /* UI Helpers */,
			);
			path = "UIKit Objects";
			sourceTree = "<group>";
		};
		B10EDFB31BFA685300FE8E20 /* MainScenes */ = {
			isa = PBXGroup;
			children = (
				B10EDFB41BFA685300FE8E20 /* Discover.storyboard */,
				B10EDFB51BFA685300FE8E20 /* Main.storyboard */,
				B10EDFB61BFA685300FE8E20 /* TabBarViewController.swift */,
			);
			path = MainScenes;
			sourceTree = "<group>";
		};
		B10EDFB71BFA685300FE8E20 /* SignUp&LoginScenes */ = {
			isa = PBXGroup;
			children = (
				B10EDFBA1BFA685300FE8E20 /* LogIn.storyboard */,
				B17031691BFA7AA5008A8363 /* ValidationAndTopAlertView.swift */,
				B10EDFBB1BFA685300FE8E20 /* LogInSignUpViewController.swift */,
				B10EDFB81BFA685300FE8E20 /* EntryViewController.swift */,
				B10EDFB91BFA685300FE8E20 /* ForgetPasswordViewController.swift */,
				B10EDFBC1BFA685300FE8E20 /* LoginViewController.swift */,
				B10EDFBD1BFA685300FE8E20 /* SignUpViewController.swift */,
			);
			path = "SignUp&LoginScenes";
			sourceTree = "<group>";
		};
		B10EDFBE1BFA685300FE8E20 /* UI Helpers */ = {
			isa = PBXGroup;
			children = (
				B10EDFBF1BFA685300FE8E20 /* AlertPanel */,
				B10EDFC21BFA685300FE8E20 /* CustomUIElement */,
				B10EDFC41BFA685300FE8E20 /* Keyboard */,
				B1B51AF71C109D26001EE278 /* EntryField */,
			);
			path = "UI Helpers";
			sourceTree = "<group>";
		};
		B10EDFBF1BFA685300FE8E20 /* AlertPanel */ = {
			isa = PBXGroup;
			children = (
				B10EDFC01BFA685300FE8E20 /* TopAlertView.swift */,
				B10EDFC11BFA685300FE8E20 /* AlertPanel.xib */,
			);
			path = AlertPanel;
			sourceTree = "<group>";
		};
		B10EDFC21BFA685300FE8E20 /* CustomUIElement */ = {
			isa = PBXGroup;
			children = (
				B10EDFC31BFA685300FE8E20 /* UIRadiusButton.swift */,
			);
			path = CustomUIElement;
			sourceTree = "<group>";
		};
		B10EDFC41BFA685300FE8E20 /* Keyboard */ = {
			isa = PBXGroup;
			children = (
				B170316B1BFAA4F9008A8363 /* Keyboard.swift */,
			);
			path = Keyboard;
			sourceTree = "<group>";
		};
		B1A750331BFA5307002E92AF = {
			isa = PBXGroup;
			children = (
				B1A7503E1BFA5307002E92AF /* Zimcher */,
				B1A750531BFA5308002E92AF /* ZimcherTests */,
				B1A7503D1BFA5307002E92AF /* Products */,
			);
			sourceTree = "<group>";
		};
		B1A7503D1BFA5307002E92AF /* Products */ = {
			isa = PBXGroup;
			children = (
				B1A7503C1BFA5307002E92AF /* Zimcher.app */,
				B1A750501BFA5308002E92AF /* ZimcherTests.xctest */,
			);
			name = Products;
			sourceTree = "<group>";
		};
		B1A7503E1BFA5307002E92AF /* Zimcher */ = {
			isa = PBXGroup;
			children = (
				B10EDFB21BFA685300FE8E20 /* UIKit Objects */,
				B1B51AFA1C10AC9F001EE278 /* Constants */,
				B861607E1BFA640A0014E1D0 /* Utils */,
				B86160561BFA63F90014E1D0 /* Misc */,
				B86160521BFA63F30014E1D0 /* Resources */,
			);
			path = Zimcher;
			sourceTree = "<group>";
		};
		B1A750531BFA5308002E92AF /* ZimcherTests */ = {
			isa = PBXGroup;
			children = (
				B1A750541BFA5308002E92AF /* ZimcherTests.swift */,
				B1A750561BFA5308002E92AF /* Info.plist */,
			);
			path = ZimcherTests;
			sourceTree = "<group>";
		};
		B1B51AF71C109D26001EE278 /* EntryField */ = {
			isa = PBXGroup;
			children = (
				B1B51B061C10B18C001EE278 /* Cell */,
				B1B51B031C10AEB9001EE278 /* Model */,
				44EAD2E3FB6C64388E7217AF /* EntryField.swift */,
				B1B109521C11FE5800161063 /* OnSubmitCallbackGenerator.swift */,
			);
			name = EntryField;
			sourceTree = "<group>";
		};
		B1B51AFA1C10AC9F001EE278 /* Constants */ = {
			isa = PBXGroup;
			children = (
				B861607F1BFA640A0014E1D0 /* Constants.swift */,
				B1B51B011C10ADAD001EE278 /* Validation.swift */,
				B1B51AFF1C10AD69001EE278 /* Styling.swift */,
				B1B51AFD1C10AD1D001EE278 /* APIEndpoints.swift */,
				B1B51AFB1C10ACD3001EE278 /* Palette.swift */,
			);
			name = Constants;
			path = Zimcher/Constants;
			sourceTree = SOURCE_ROOT;
		};
		B1B51B031C10AEB9001EE278 /* Model */ = {
			isa = PBXGroup;
			children = (
				B1B51B041C10AED0001EE278 /* EntryFieldData.swift */,
			);
			path = Model;
			sourceTree = "<group>";
		};
		B1B51B061C10B18C001EE278 /* Cell */ = {
			isa = PBXGroup;
			children = (
				44EAD3F996AD30B6BEF1CD91 /* BaseEntryCell.swift */,
				B1B51B071C10CD94001EE278 /* BasicEntryCell.swift */,
			);
			path = Cell;
			sourceTree = "<group>";
		};
		B86160521BFA63F30014E1D0 /* Resources */ = {
			isa = PBXGroup;
			children = (
				B10EDFAB1BFA680900FE8E20 /* Fonts */,
				B86160531BFA63F30014E1D0 /* Assets.xcassets */,
				B10EDFD31BFA694600FE8E20 /* Default-568h@2x.png */,
			);
			path = Resources;
			sourceTree = "<group>";
		};
		B86160561BFA63F90014E1D0 /* Misc */ = {
			isa = PBXGroup;
			children = (
				B86160571BFA63F90014E1D0 /* AppDelegate.swift */,
				B86160581BFA63F90014E1D0 /* Info.plist */,
				B86160591BFA63F90014E1D0 /* LaunchScreen.storyboard */,
			);
			name = Misc;
			path = Resources/Misc;
			sourceTree = "<group>";
		};
		B861607E1BFA640A0014E1D0 /* Utils */ = {
			isa = PBXGroup;
			children = (
				B86160801BFA640A0014E1D0 /* EntryValidation */,
				B86160831BFA640A0014E1D0 /* Extensions */,
				B86160851BFA640A0014E1D0 /* MIME.swift */,
				B86160861BFA640A0014E1D0 /* MixedStream.swift */,
				B86160871BFA640A0014E1D0 /* NetworkingHelper */,
			);
			path = Utils;
			sourceTree = "<group>";
		};
		B86160801BFA640A0014E1D0 /* EntryValidation */ = {
			isa = PBXGroup;
			children = (
				B86160811BFA640A0014E1D0 /* UIValidatableTextField.swift */,
				B86160821BFA640A0014E1D0 /* TextValidation.swift */,
			);
			path = EntryValidation;
			sourceTree = "<group>";
		};
		B86160831BFA640A0014E1D0 /* Extensions */ = {
			isa = PBXGroup;
			children = (
				B86160841BFA640A0014E1D0 /* UIImageExtensions.swift */,
			);
			path = Extensions;
			sourceTree = "<group>";
		};
		B86160871BFA640A0014E1D0 /* NetworkingHelper */ = {
			isa = PBXGroup;
			children = (
				B86160881BFA640A0014E1D0 /* MultipartUpload.swift */,
				B86160891BFA640A0014E1D0 /* Networking.swift */,
				B861608A1BFA640A0014E1D0 /* TaskCreator.swift */,
			);
			path = NetworkingHelper;
			sourceTree = "<group>";
		};
		B861609E1BFA73340014E1D0 /* BaseViewController */ = {
			isa = PBXGroup;
			children = (
				B861609F1BFA73340014E1D0 /* ZCViewController.swift */,
			);
			path = BaseViewController;
			sourceTree = "<group>";
		};
/* End PBXGroup section */

/* Begin PBXNativeTarget section */
		B1A7503B1BFA5307002E92AF /* Zimcher */ = {
			isa = PBXNativeTarget;
			buildConfigurationList = B1A750591BFA5308002E92AF /* Build configuration list for PBXNativeTarget "Zimcher" */;
			buildPhases = (
				B1A750381BFA5307002E92AF /* Sources */,
				B1A750391BFA5307002E92AF /* Frameworks */,
				B1A7503A1BFA5307002E92AF /* Resources */,
				B861609D1BFA713C0014E1D0 /* ShellScript */,
			);
			buildRules = (
			);
			dependencies = (
			);
			name = Zimcher;
			productName = Zimcher;
			productReference = B1A7503C1BFA5307002E92AF /* Zimcher.app */;
			productType = "com.apple.product-type.application";
		};
		B1A7504F1BFA5308002E92AF /* ZimcherTests */ = {
			isa = PBXNativeTarget;
			buildConfigurationList = B1A7505C1BFA5308002E92AF /* Build configuration list for PBXNativeTarget "ZimcherTests" */;
			buildPhases = (
				B1A7504C1BFA5308002E92AF /* Sources */,
				B1A7504D1BFA5308002E92AF /* Frameworks */,
				B1A7504E1BFA5308002E92AF /* Resources */,
			);
			buildRules = (
			);
			dependencies = (
				B1A750521BFA5308002E92AF /* PBXTargetDependency */,
			);
			name = ZimcherTests;
			productName = ZimcherTests;
			productReference = B1A750501BFA5308002E92AF /* ZimcherTests.xctest */;
			productType = "com.apple.product-type.bundle.unit-test";
		};
/* End PBXNativeTarget section */

/* Begin PBXProject section */
		B1A750341BFA5307002E92AF /* Project object */ = {
			isa = PBXProject;
			attributes = {
				LastSwiftUpdateCheck = 0710;
				LastUpgradeCheck = 0710;
				ORGANIZATIONNAME = Zimcher;
				TargetAttributes = {
					B1A7503B1BFA5307002E92AF = {
						CreatedOnToolsVersion = 7.1.1;
					};
					B1A7504F1BFA5308002E92AF = {
						CreatedOnToolsVersion = 7.1.1;
						TestTargetID = B1A7503B1BFA5307002E92AF;
					};
				};
			};
			buildConfigurationList = B1A750371BFA5307002E92AF /* Build configuration list for PBXProject "Zimcher" */;
			compatibilityVersion = "Xcode 3.2";
			developmentRegion = English;
			hasScannedForEncodings = 0;
			knownRegions = (
				en,
				Base,
			);
			mainGroup = B1A750331BFA5307002E92AF;
			productRefGroup = B1A7503D1BFA5307002E92AF /* Products */;
			projectDirPath = "";
			projectRoot = "";
			targets = (
				B1A7503B1BFA5307002E92AF /* Zimcher */,
				B1A7504F1BFA5308002E92AF /* ZimcherTests */,
			);
		};
/* End PBXProject section */

/* Begin PBXResourcesBuildPhase section */
		B1A7503A1BFA5307002E92AF /* Resources */ = {
			isa = PBXResourcesBuildPhase;
			buildActionMask = 2147483647;
			files = (
				B861605C1BFA63F90014E1D0 /* LaunchScreen.storyboard in Resources */,
				B10EDFD41BFA694600FE8E20 /* Default-568h@2x.png in Resources */,
				B10EDFB11BFA680A00FE8E20 /* SF-UI-Display-Semibold.otf in Resources */,
				B10EDFAF1BFA680A00FE8E20 /* Righteous-Regular.ttf in Resources */,
				B10EDFC71BFA685300FE8E20 /* Main.storyboard in Resources */,
				B10EDFD01BFA685300FE8E20 /* AlertPanel.xib in Resources */,
				B10EDFB01BFA680A00FE8E20 /* SF-UI-Display-Medium.otf in Resources */,
				B10EDFC61BFA685300FE8E20 /* Discover.storyboard in Resources */,
				B10EDFCB1BFA685300FE8E20 /* LogIn.storyboard in Resources */,
				B86160551BFA63F30014E1D0 /* Assets.xcassets in Resources */,
			);
			runOnlyForDeploymentPostprocessing = 0;
		};
		B1A7504E1BFA5308002E92AF /* Resources */ = {
			isa = PBXResourcesBuildPhase;
			buildActionMask = 2147483647;
			files = (
			);
			runOnlyForDeploymentPostprocessing = 0;
		};
/* End PBXResourcesBuildPhase section */

/* Begin PBXShellScriptBuildPhase section */
		B861609D1BFA713C0014E1D0 /* ShellScript */ = {
			isa = PBXShellScriptBuildPhase;
			buildActionMask = 2147483647;
			files = (
			);
			inputPaths = (
			);
			outputPaths = (
			);
			runOnlyForDeploymentPostprocessing = 0;
			shellPath = /bin/sh;
			shellScript = "TAGS=\"TODO:|FIXME:\"\necho \"searching ${SRCROOT} for ${TAGS}\"\nfind \"${SRCROOT}\" \\( -name \"*.swift\" \\) -print0 | xargs -0 egrep --with-filename --line-number --only-matching \"($TAGS).*\\$\" | perl -p -e \"s/($TAGS)/ warning: \\$1/\"";
		};
/* End PBXShellScriptBuildPhase section */

/* Begin PBXSourcesBuildPhase section */
		B1A750381BFA5307002E92AF /* Sources */ = {
			isa = PBXSourcesBuildPhase;
			buildActionMask = 2147483647;
			files = (
				B1B51AFE1C10AD1D001EE278 /* APIEndpoints.swift in Sources */,
				B861608B1BFA640A0014E1D0 /* Constants.swift in Sources */,
				B10EDFCF1BFA685300FE8E20 /* TopAlertView.swift in Sources */,
				B1B51B021C10ADAD001EE278 /* Validation.swift in Sources */,
				B86160921BFA640A0014E1D0 /* Networking.swift in Sources */,
				B10EDFCC1BFA685300FE8E20 /* LogInSignUpViewController.swift in Sources */,
				B10EDFCD1BFA685300FE8E20 /* LoginViewController.swift in Sources */,
				B10EDFD11BFA685300FE8E20 /* UIRadiusButton.swift in Sources */,
				B10EDFC81BFA685300FE8E20 /* TabBarViewController.swift in Sources */,
				B861608F1BFA640A0014E1D0 /* MIME.swift in Sources */,
				B861608D1BFA640A0014E1D0 /* TextValidation.swift in Sources */,
				B10EDFC91BFA685300FE8E20 /* EntryViewController.swift in Sources */,
				B86160911BFA640A0014E1D0 /* MultipartUpload.swift in Sources */,
				B10EDFCA1BFA685300FE8E20 /* ForgetPasswordViewController.swift in Sources */,
				B1B51B001C10AD69001EE278 /* Styling.swift in Sources */,
				B1B51B081C10CD94001EE278 /* BasicEntryCell.swift in Sources */,
				B10EDFCE1BFA685300FE8E20 /* SignUpViewController.swift in Sources */,
				B1B109531C11FE5800161063 /* OnSubmitCallbackGenerator.swift in Sources */,
				B861605A1BFA63F90014E1D0 /* AppDelegate.swift in Sources */,
				B1B51AFC1C10ACD3001EE278 /* Palette.swift in Sources */,
				B1B51B051C10AED0001EE278 /* EntryFieldData.swift in Sources */,
				B861608E1BFA640A0014E1D0 /* UIImageExtensions.swift in Sources */,
				B86160931BFA640A0014E1D0 /* TaskCreator.swift in Sources */,
				B170316C1BFAA4F9008A8363 /* Keyboard.swift in Sources */,
				B861608C1BFA640A0014E1D0 /* UIValidatableTextField.swift in Sources */,
				B170316A1BFA7AA5008A8363 /* ValidationAndTopAlertView.swift in Sources */,
				B86160901BFA640A0014E1D0 /* MixedStream.swift in Sources */,
				B86160A01BFA73340014E1D0 /* ZCViewController.swift in Sources */,
				44EADF943D0F20BB9E526F99 /* BaseEntryCell.swift in Sources */,
				44EADB40BCBEBA34205EE462 /* EntryField.swift in Sources */,
			);
			runOnlyForDeploymentPostprocessing = 0;
		};
		B1A7504C1BFA5308002E92AF /* Sources */ = {
			isa = PBXSourcesBuildPhase;
			buildActionMask = 2147483647;
			files = (
				B1A750551BFA5308002E92AF /* ZimcherTests.swift in Sources */,
			);
			runOnlyForDeploymentPostprocessing = 0;
		};
/* End PBXSourcesBuildPhase section */

/* Begin PBXTargetDependency section */
		B1A750521BFA5308002E92AF /* PBXTargetDependency */ = {
			isa = PBXTargetDependency;
			target = B1A7503B1BFA5307002E92AF /* Zimcher */;
			targetProxy = B1A750511BFA5308002E92AF /* PBXContainerItemProxy */;
		};
/* End PBXTargetDependency section */

/* Begin XCBuildConfiguration section */
		B1A750571BFA5308002E92AF /* Debug */ = {
			isa = XCBuildConfiguration;
			buildSettings = {
				ALWAYS_SEARCH_USER_PATHS = NO;
				CLANG_CXX_LANGUAGE_STANDARD = "gnu++0x";
				CLANG_CXX_LIBRARY = "libc++";
				CLANG_ENABLE_MODULES = YES;
				CLANG_ENABLE_OBJC_ARC = YES;
				CLANG_WARN_BOOL_CONVERSION = YES;
				CLANG_WARN_CONSTANT_CONVERSION = YES;
				CLANG_WARN_DIRECT_OBJC_ISA_USAGE = YES_ERROR;
				CLANG_WARN_EMPTY_BODY = YES;
				CLANG_WARN_ENUM_CONVERSION = YES;
				CLANG_WARN_INT_CONVERSION = YES;
				CLANG_WARN_OBJC_ROOT_CLASS = YES_ERROR;
				CLANG_WARN_UNREACHABLE_CODE = YES;
				CLANG_WARN__DUPLICATE_METHOD_MATCH = YES;
				"CODE_SIGN_IDENTITY[sdk=iphoneos*]" = "iPhone Developer";
				COPY_PHASE_STRIP = NO;
				DEBUG_INFORMATION_FORMAT = dwarf;
				ENABLE_STRICT_OBJC_MSGSEND = YES;
				ENABLE_TESTABILITY = YES;
				GCC_C_LANGUAGE_STANDARD = gnu99;
				GCC_DYNAMIC_NO_PIC = NO;
				GCC_NO_COMMON_BLOCKS = YES;
				GCC_OPTIMIZATION_LEVEL = 0;
				GCC_PREPROCESSOR_DEFINITIONS = (
					"DEBUG=1",
					"$(inherited)",
				);
				GCC_WARN_64_TO_32_BIT_CONVERSION = YES;
				GCC_WARN_ABOUT_RETURN_TYPE = YES_ERROR;
				GCC_WARN_UNDECLARED_SELECTOR = YES;
				GCC_WARN_UNINITIALIZED_AUTOS = YES_AGGRESSIVE;
				GCC_WARN_UNUSED_FUNCTION = YES;
				GCC_WARN_UNUSED_VARIABLE = YES;
				IPHONEOS_DEPLOYMENT_TARGET = 9.1;
				MTL_ENABLE_DEBUG_INFO = YES;
				ONLY_ACTIVE_ARCH = YES;
				SDKROOT = iphoneos;
				SWIFT_OPTIMIZATION_LEVEL = "-Onone";
			};
			name = Debug;
		};
		B1A750581BFA5308002E92AF /* Release */ = {
			isa = XCBuildConfiguration;
			buildSettings = {
				ALWAYS_SEARCH_USER_PATHS = NO;
				CLANG_CXX_LANGUAGE_STANDARD = "gnu++0x";
				CLANG_CXX_LIBRARY = "libc++";
				CLANG_ENABLE_MODULES = YES;
				CLANG_ENABLE_OBJC_ARC = YES;
				CLANG_WARN_BOOL_CONVERSION = YES;
				CLANG_WARN_CONSTANT_CONVERSION = YES;
				CLANG_WARN_DIRECT_OBJC_ISA_USAGE = YES_ERROR;
				CLANG_WARN_EMPTY_BODY = YES;
				CLANG_WARN_ENUM_CONVERSION = YES;
				CLANG_WARN_INT_CONVERSION = YES;
				CLANG_WARN_OBJC_ROOT_CLASS = YES_ERROR;
				CLANG_WARN_UNREACHABLE_CODE = YES;
				CLANG_WARN__DUPLICATE_METHOD_MATCH = YES;
				"CODE_SIGN_IDENTITY[sdk=iphoneos*]" = "iPhone Developer";
				COPY_PHASE_STRIP = NO;
				DEBUG_INFORMATION_FORMAT = "dwarf-with-dsym";
				ENABLE_NS_ASSERTIONS = NO;
				ENABLE_STRICT_OBJC_MSGSEND = YES;
				GCC_C_LANGUAGE_STANDARD = gnu99;
				GCC_NO_COMMON_BLOCKS = YES;
				GCC_WARN_64_TO_32_BIT_CONVERSION = YES;
				GCC_WARN_ABOUT_RETURN_TYPE = YES_ERROR;
				GCC_WARN_UNDECLARED_SELECTOR = YES;
				GCC_WARN_UNINITIALIZED_AUTOS = YES_AGGRESSIVE;
				GCC_WARN_UNUSED_FUNCTION = YES;
				GCC_WARN_UNUSED_VARIABLE = YES;
				IPHONEOS_DEPLOYMENT_TARGET = 9.1;
				MTL_ENABLE_DEBUG_INFO = NO;
				SDKROOT = iphoneos;
				VALIDATE_PRODUCT = YES;
			};
			name = Release;
		};
		B1A7505A1BFA5308002E92AF /* Debug */ = {
			isa = XCBuildConfiguration;
			buildSettings = {
				ASSETCATALOG_COMPILER_APPICON_NAME = AppIcon;
				INFOPLIST_FILE = "$(SRCROOT)/Zimcher/Resources/Misc/Info.plist";
				LD_RUNPATH_SEARCH_PATHS = "$(inherited) @executable_path/Frameworks";
				PRODUCT_BUNDLE_IDENTIFIER = Zimcher.Zimcher;
				PRODUCT_NAME = "$(TARGET_NAME)";
			};
			name = Debug;
		};
		B1A7505B1BFA5308002E92AF /* Release */ = {
			isa = XCBuildConfiguration;
			buildSettings = {
				ASSETCATALOG_COMPILER_APPICON_NAME = AppIcon;
				INFOPLIST_FILE = "$(SRCROOT)/Zimcher/Resources/Misc/Info.plist";
				LD_RUNPATH_SEARCH_PATHS = "$(inherited) @executable_path/Frameworks";
				PRODUCT_BUNDLE_IDENTIFIER = Zimcher.Zimcher;
				PRODUCT_NAME = "$(TARGET_NAME)";
			};
			name = Release;
		};
		B1A7505D1BFA5308002E92AF /* Debug */ = {
			isa = XCBuildConfiguration;
			buildSettings = {
				BUNDLE_LOADER = "$(TEST_HOST)";
				INFOPLIST_FILE = ZimcherTests/Info.plist;
				LD_RUNPATH_SEARCH_PATHS = "$(inherited) @executable_path/Frameworks @loader_path/Frameworks";
				PRODUCT_BUNDLE_IDENTIFIER = Zimcher.ZimcherTests;
				PRODUCT_NAME = "$(TARGET_NAME)";
				TEST_HOST = "$(BUILT_PRODUCTS_DIR)/Zimcher.app/Zimcher";
			};
			name = Debug;
		};
		B1A7505E1BFA5308002E92AF /* Release */ = {
			isa = XCBuildConfiguration;
			buildSettings = {
				BUNDLE_LOADER = "$(TEST_HOST)";
				INFOPLIST_FILE = ZimcherTests/Info.plist;
				LD_RUNPATH_SEARCH_PATHS = "$(inherited) @executable_path/Frameworks @loader_path/Frameworks";
				PRODUCT_BUNDLE_IDENTIFIER = Zimcher.ZimcherTests;
				PRODUCT_NAME = "$(TARGET_NAME)";
				TEST_HOST = "$(BUILT_PRODUCTS_DIR)/Zimcher.app/Zimcher";
			};
			name = Release;
		};
/* End XCBuildConfiguration section */

/* Begin XCConfigurationList section */
		B1A750371BFA5307002E92AF /* Build configuration list for PBXProject "Zimcher" */ = {
			isa = XCConfigurationList;
			buildConfigurations = (
				B1A750571BFA5308002E92AF /* Debug */,
				B1A750581BFA5308002E92AF /* Release */,
			);
			defaultConfigurationIsVisible = 0;
			defaultConfigurationName = Release;
		};
		B1A750591BFA5308002E92AF /* Build configuration list for PBXNativeTarget "Zimcher" */ = {
			isa = XCConfigurationList;
			buildConfigurations = (
				B1A7505A1BFA5308002E92AF /* Debug */,
				B1A7505B1BFA5308002E92AF /* Release */,
			);
			defaultConfigurationIsVisible = 0;
			defaultConfigurationName = Release;
		};
		B1A7505C1BFA5308002E92AF /* Build configuration list for PBXNativeTarget "ZimcherTests" */ = {
			isa = XCConfigurationList;
			buildConfigurations = (
				B1A7505D1BFA5308002E92AF /* Debug */,
				B1A7505E1BFA5308002E92AF /* Release */,
			);
			defaultConfigurationIsVisible = 0;
			defaultConfigurationName = Release;
		};
/* End XCConfigurationList section */
	};
	rootObject = B1A750341BFA5307002E92AF /* Project object */;
}
