// !$*UTF8*$!
{
	archiveVersion = 1;
	classes = {
	};
	objectVersion = 46;
	objects = {

/* Begin PBXBuildFile section */
		B1A750551BFA5308002E92AF /* ZimcherTests.swift in Sources */ = {isa = PBXBuildFile; fileRef = B1A750541BFA5308002E92AF /* ZimcherTests.swift */; };
		B86160551BFA63F30014E1D0 /* Assets.xcassets in Resources */ = {isa = PBXBuildFile; fileRef = B86160531BFA63F30014E1D0 /* Assets.xcassets */; };
		B861605A1BFA63F90014E1D0 /* AppDelegate.swift in Sources */ = {isa = PBXBuildFile; fileRef = B86160571BFA63F90014E1D0 /* AppDelegate.swift */; };
		B861605B1BFA63F90014E1D0 /* Info.plist in Resources */ = {isa = PBXBuildFile; fileRef = B86160581BFA63F90014E1D0 /* Info.plist */; };
		B861605C1BFA63F90014E1D0 /* LaunchScreen.storyboard in Resources */ = {isa = PBXBuildFile; fileRef = B86160591BFA63F90014E1D0 /* LaunchScreen.storyboard */; };
		B86160711BFA64040014E1D0 /* Discover.storyboard in Resources */ = {isa = PBXBuildFile; fileRef = B861605F1BFA64040014E1D0 /* Discover.storyboard */; };
		B86160721BFA64040014E1D0 /* Main.storyboard in Resources */ = {isa = PBXBuildFile; fileRef = B86160601BFA64040014E1D0 /* Main.storyboard */; };
		B86160731BFA64040014E1D0 /* TabBarViewController.swift in Sources */ = {isa = PBXBuildFile; fileRef = B86160611BFA64040014E1D0 /* TabBarViewController.swift */; };
		B86160741BFA64040014E1D0 /* EntryViewController.swift in Sources */ = {isa = PBXBuildFile; fileRef = B86160631BFA64040014E1D0 /* EntryViewController.swift */; };
		B86160751BFA64040014E1D0 /* ForgetPasswordViewController.swift in Sources */ = {isa = PBXBuildFile; fileRef = B86160641BFA64040014E1D0 /* ForgetPasswordViewController.swift */; };
		B86160761BFA64040014E1D0 /* LogIn.storyboard in Resources */ = {isa = PBXBuildFile; fileRef = B86160651BFA64040014E1D0 /* LogIn.storyboard */; };
		B86160771BFA64040014E1D0 /* LogInSignUpViewController.swift in Sources */ = {isa = PBXBuildFile; fileRef = B86160661BFA64040014E1D0 /* LogInSignUpViewController.swift */; };
		B86160781BFA64040014E1D0 /* LoginViewController.swift in Sources */ = {isa = PBXBuildFile; fileRef = B86160671BFA64040014E1D0 /* LoginViewController.swift */; };
		B86160791BFA64040014E1D0 /* SignUpViewController.swift in Sources */ = {isa = PBXBuildFile; fileRef = B86160681BFA64040014E1D0 /* SignUpViewController.swift */; };
		B861607A1BFA64040014E1D0 /* InvalidInputAlert.swift in Sources */ = {isa = PBXBuildFile; fileRef = B861606B1BFA64040014E1D0 /* InvalidInputAlert.swift */; };
		B861607B1BFA64040014E1D0 /* InvalidInputAlertView.xib in Resources */ = {isa = PBXBuildFile; fileRef = B861606C1BFA64040014E1D0 /* InvalidInputAlertView.xib */; };
		B861607C1BFA64040014E1D0 /* UIRadiusButton.swift in Sources */ = {isa = PBXBuildFile; fileRef = B861606E1BFA64040014E1D0 /* UIRadiusButton.swift */; };
		B861607D1BFA64040014E1D0 /* Keyboard.swift in Sources */ = {isa = PBXBuildFile; fileRef = B86160701BFA64040014E1D0 /* Keyboard.swift */; };
		B861608B1BFA640A0014E1D0 /* Constants.swift in Sources */ = {isa = PBXBuildFile; fileRef = B861607F1BFA640A0014E1D0 /* Constants.swift */; };
		B861608C1BFA640A0014E1D0 /* UIValidatableTextField.swift in Sources */ = {isa = PBXBuildFile; fileRef = B86160811BFA640A0014E1D0 /* UIValidatableTextField.swift */; };
		B861608D1BFA640A0014E1D0 /* Validation.swift in Sources */ = {isa = PBXBuildFile; fileRef = B86160821BFA640A0014E1D0 /* Validation.swift */; };
		B861608E1BFA640A0014E1D0 /* UIImageExtensions.swift in Sources */ = {isa = PBXBuildFile; fileRef = B86160841BFA640A0014E1D0 /* UIImageExtensions.swift */; };
		B861608F1BFA640A0014E1D0 /* MIME.swift in Sources */ = {isa = PBXBuildFile; fileRef = B86160851BFA640A0014E1D0 /* MIME.swift */; };
		B86160901BFA640A0014E1D0 /* MixedStream.swift in Sources */ = {isa = PBXBuildFile; fileRef = B86160861BFA640A0014E1D0 /* MixedStream.swift */; };
		B86160911BFA640A0014E1D0 /* MultipartUpload.swift in Sources */ = {isa = PBXBuildFile; fileRef = B86160881BFA640A0014E1D0 /* MultipartUpload.swift */; };
		B86160921BFA640A0014E1D0 /* Networking.swift in Sources */ = {isa = PBXBuildFile; fileRef = B86160891BFA640A0014E1D0 /* Networking.swift */; };
		B86160931BFA640A0014E1D0 /* TaskCreator.swift in Sources */ = {isa = PBXBuildFile; fileRef = B861608A1BFA640A0014E1D0 /* TaskCreator.swift */; };
		B861609C1BFA6EE70014E1D0 /* ZCViewController.swift in Sources */ = {isa = PBXBuildFile; fileRef = B861609B1BFA6EE70014E1D0 /* ZCViewController.swift */; };
/* End PBXBuildFile section */

/* Begin PBXContainerItemProxy section */
		B1A750511BFA5308002E92AF /* PBXContainerItemProxy */ = {
			isa = PBXContainerItemProxy;
			containerPortal = B1A750341BFA5307002E92AF /* Project object */;
			proxyType = 1;
			remoteGlobalIDString = B1A7503B1BFA5307002E92AF;
			remoteInfo = Zimcher;
		};
/* End PBXContainerItemProxy section */

/* Begin PBXFileReference section */
		B1A7503C1BFA5307002E92AF /* Zimcher.app */ = {isa = PBXFileReference; explicitFileType = wrapper.application; includeInIndex = 0; path = Zimcher.app; sourceTree = BUILT_PRODUCTS_DIR; };
		B1A750501BFA5308002E92AF /* ZimcherTests.xctest */ = {isa = PBXFileReference; explicitFileType = wrapper.cfbundle; includeInIndex = 0; path = ZimcherTests.xctest; sourceTree = BUILT_PRODUCTS_DIR; };
		B1A750541BFA5308002E92AF /* ZimcherTests.swift */ = {isa = PBXFileReference; lastKnownFileType = sourcecode.swift; path = ZimcherTests.swift; sourceTree = "<group>"; };
		B1A750561BFA5308002E92AF /* Info.plist */ = {isa = PBXFileReference; lastKnownFileType = text.plist.xml; path = Info.plist; sourceTree = "<group>"; };
		B86160531BFA63F30014E1D0 /* Assets.xcassets */ = {isa = PBXFileReference; lastKnownFileType = folder.assetcatalog; path = Assets.xcassets; sourceTree = "<group>"; };
		B86160571BFA63F90014E1D0 /* AppDelegate.swift */ = {isa = PBXFileReference; fileEncoding = 4; lastKnownFileType = sourcecode.swift; path = AppDelegate.swift; sourceTree = "<group>"; };
		B86160581BFA63F90014E1D0 /* Info.plist */ = {isa = PBXFileReference; fileEncoding = 4; lastKnownFileType = text.plist.xml; path = Info.plist; sourceTree = "<group>"; };
		B86160591BFA63F90014E1D0 /* LaunchScreen.storyboard */ = {isa = PBXFileReference; fileEncoding = 4; lastKnownFileType = file.storyboard; path = LaunchScreen.storyboard; sourceTree = "<group>"; };
		B861605F1BFA64040014E1D0 /* Discover.storyboard */ = {isa = PBXFileReference; fileEncoding = 4; lastKnownFileType = file.storyboard; path = Discover.storyboard; sourceTree = "<group>"; };
		B86160601BFA64040014E1D0 /* Main.storyboard */ = {isa = PBXFileReference; fileEncoding = 4; lastKnownFileType = file.storyboard; path = Main.storyboard; sourceTree = "<group>"; };
		B86160611BFA64040014E1D0 /* TabBarViewController.swift */ = {isa = PBXFileReference; fileEncoding = 4; lastKnownFileType = sourcecode.swift; path = TabBarViewController.swift; sourceTree = "<group>"; };
		B86160631BFA64040014E1D0 /* EntryViewController.swift */ = {isa = PBXFileReference; fileEncoding = 4; lastKnownFileType = sourcecode.swift; path = EntryViewController.swift; sourceTree = "<group>"; };
		B86160641BFA64040014E1D0 /* ForgetPasswordViewController.swift */ = {isa = PBXFileReference; fileEncoding = 4; lastKnownFileType = sourcecode.swift; path = ForgetPasswordViewController.swift; sourceTree = "<group>"; };
		B86160651BFA64040014E1D0 /* LogIn.storyboard */ = {isa = PBXFileReference; fileEncoding = 4; lastKnownFileType = file.storyboard; path = LogIn.storyboard; sourceTree = "<group>"; };
		B86160661BFA64040014E1D0 /* LogInSignUpViewController.swift */ = {isa = PBXFileReference; fileEncoding = 4; lastKnownFileType = sourcecode.swift; path = LogInSignUpViewController.swift; sourceTree = "<group>"; };
		B86160671BFA64040014E1D0 /* LoginViewController.swift */ = {isa = PBXFileReference; fileEncoding = 4; lastKnownFileType = sourcecode.swift; path = LoginViewController.swift; sourceTree = "<group>"; };
		B86160681BFA64040014E1D0 /* SignUpViewController.swift */ = {isa = PBXFileReference; fileEncoding = 4; lastKnownFileType = sourcecode.swift; path = SignUpViewController.swift; sourceTree = "<group>"; };
		B861606B1BFA64040014E1D0 /* InvalidInputAlert.swift */ = {isa = PBXFileReference; fileEncoding = 4; lastKnownFileType = sourcecode.swift; path = InvalidInputAlert.swift; sourceTree = "<group>"; };
		B861606C1BFA64040014E1D0 /* InvalidInputAlertView.xib */ = {isa = PBXFileReference; fileEncoding = 4; lastKnownFileType = file.xib; path = InvalidInputAlertView.xib; sourceTree = "<group>"; };
		B861606E1BFA64040014E1D0 /* UIRadiusButton.swift */ = {isa = PBXFileReference; fileEncoding = 4; lastKnownFileType = sourcecode.swift; path = UIRadiusButton.swift; sourceTree = "<group>"; };
		B86160701BFA64040014E1D0 /* Keyboard.swift */ = {isa = PBXFileReference; fileEncoding = 4; lastKnownFileType = sourcecode.swift; path = Keyboard.swift; sourceTree = "<group>"; };
		B861607F1BFA640A0014E1D0 /* Constants.swift */ = {isa = PBXFileReference; fileEncoding = 4; lastKnownFileType = sourcecode.swift; path = Constants.swift; sourceTree = "<group>"; };
		B86160811BFA640A0014E1D0 /* UIValidatableTextField.swift */ = {isa = PBXFileReference; fileEncoding = 4; lastKnownFileType = sourcecode.swift; path = UIValidatableTextField.swift; sourceTree = "<group>"; };
		B86160821BFA640A0014E1D0 /* Validation.swift */ = {isa = PBXFileReference; fileEncoding = 4; lastKnownFileType = sourcecode.swift; path = Validation.swift; sourceTree = "<group>"; };
		B86160841BFA640A0014E1D0 /* UIImageExtensions.swift */ = {isa = PBXFileReference; fileEncoding = 4; lastKnownFileType = sourcecode.swift; path = UIImageExtensions.swift; sourceTree = "<group>"; };
		B86160851BFA640A0014E1D0 /* MIME.swift */ = {isa = PBXFileReference; fileEncoding = 4; lastKnownFileType = sourcecode.swift; path = MIME.swift; sourceTree = "<group>"; };
		B86160861BFA640A0014E1D0 /* MixedStream.swift */ = {isa = PBXFileReference; fileEncoding = 4; lastKnownFileType = sourcecode.swift; path = MixedStream.swift; sourceTree = "<group>"; };
		B86160881BFA640A0014E1D0 /* MultipartUpload.swift */ = {isa = PBXFileReference; fileEncoding = 4; lastKnownFileType = sourcecode.swift; path = MultipartUpload.swift; sourceTree = "<group>"; };
		B86160891BFA640A0014E1D0 /* Networking.swift */ = {isa = PBXFileReference; fileEncoding = 4; lastKnownFileType = sourcecode.swift; path = Networking.swift; sourceTree = "<group>"; };
		B861608A1BFA640A0014E1D0 /* TaskCreator.swift */ = {isa = PBXFileReference; fileEncoding = 4; lastKnownFileType = sourcecode.swift; path = TaskCreator.swift; sourceTree = "<group>"; };
		B861609B1BFA6EE70014E1D0 /* ZCViewController.swift */ = {isa = PBXFileReference; fileEncoding = 4; lastKnownFileType = sourcecode.swift; path = ZCViewController.swift; sourceTree = "<group>"; };
/* End PBXFileReference section */

/* Begin PBXFrameworksBuildPhase section */
		B1A750391BFA5307002E92AF /* Frameworks */ = {
			isa = PBXFrameworksBuildPhase;
			buildActionMask = 2147483647;
			files = (
			);
			runOnlyForDeploymentPostprocessing = 0;
		};
		B1A7504D1BFA5308002E92AF /* Frameworks */ = {
			isa = PBXFrameworksBuildPhase;
			buildActionMask = 2147483647;
			files = (
			);
			runOnlyForDeploymentPostprocessing = 0;
		};
/* End PBXFrameworksBuildPhase section */

/* Begin PBXGroup section */
		B1A750331BFA5307002E92AF = {
			isa = PBXGroup;
			children = (
				B1A7503E1BFA5307002E92AF /* Zimcher */,
				B1A750531BFA5308002E92AF /* ZimcherTests */,
				B1A7503D1BFA5307002E92AF /* Products */,
			);
			sourceTree = "<group>";
		};
		B1A7503D1BFA5307002E92AF /* Products */ = {
			isa = PBXGroup;
			children = (
				B1A7503C1BFA5307002E92AF /* Zimcher.app */,
				B1A750501BFA5308002E92AF /* ZimcherTests.xctest */,
			);
			name = Products;
			sourceTree = "<group>";
		};
		B1A7503E1BFA5307002E92AF /* Zimcher */ = {
			isa = PBXGroup;
			children = (
				B861607E1BFA640A0014E1D0 /* Utils */,
				B861605D1BFA64040014E1D0 /* UIKit Ojbects */,
				B86160561BFA63F90014E1D0 /* Misc */,
				B86160521BFA63F30014E1D0 /* Resources */,
			);
			path = Zimcher;
			sourceTree = "<group>";
		};
		B1A750531BFA5308002E92AF /* ZimcherTests */ = {
			isa = PBXGroup;
			children = (
				B1A750541BFA5308002E92AF /* ZimcherTests.swift */,
				B1A750561BFA5308002E92AF /* Info.plist */,
			);
			path = ZimcherTests;
			sourceTree = "<group>";
		};
		B86160521BFA63F30014E1D0 /* Resources */ = {
			isa = PBXGroup;
			children = (
				B86160531BFA63F30014E1D0 /* Assets.xcassets */,
				B86160541BFA63F30014E1D0 /* Fonts */,
			);
			path = Resources;
			sourceTree = "<group>";
		};
		B86160541BFA63F30014E1D0 /* Fonts */ = {
			isa = PBXGroup;
			children = (
			);
			path = Fonts;
			sourceTree = "<group>";
		};
		B86160561BFA63F90014E1D0 /* Misc */ = {
			isa = PBXGroup;
			children = (
				B86160571BFA63F90014E1D0 /* AppDelegate.swift */,
				B86160581BFA63F90014E1D0 /* Info.plist */,
				B86160591BFA63F90014E1D0 /* LaunchScreen.storyboard */,
			);
			name = Misc;
			path = Resources/Misc;
			sourceTree = "<group>";
		};
		B861605D1BFA64040014E1D0 /* UIKit Ojbects */ = {
			isa = PBXGroup;
			children = (
				B86160941BFA6DF80014E1D0 /* BaseViewController */,
				B861605E1BFA64040014E1D0 /* MainScenes */,
				B86160621BFA64040014E1D0 /* SignUp&LoginScenes */,
				B86160691BFA64040014E1D0 /* UI Helpers */,
			);
			path = "UIKit Ojbects";
			sourceTree = "<group>";
		};
		B861605E1BFA64040014E1D0 /* MainScenes */ = {
			isa = PBXGroup;
			children = (
				B861605F1BFA64040014E1D0 /* Discover.storyboard */,
				B86160601BFA64040014E1D0 /* Main.storyboard */,
				B86160611BFA64040014E1D0 /* TabBarViewController.swift */,
			);
			path = MainScenes;
			sourceTree = "<group>";
		};
		B86160621BFA64040014E1D0 /* SignUp&LoginScenes */ = {
			isa = PBXGroup;
			children = (
				B86160631BFA64040014E1D0 /* EntryViewController.swift */,
				B86160641BFA64040014E1D0 /* ForgetPasswordViewController.swift */,
				B86160651BFA64040014E1D0 /* LogIn.storyboard */,
				B86160661BFA64040014E1D0 /* LogInSignUpViewController.swift */,
				B86160671BFA64040014E1D0 /* LoginViewController.swift */,
				B86160681BFA64040014E1D0 /* SignUpViewController.swift */,
			);
			path = "SignUp&LoginScenes";
			sourceTree = "<group>";
		};
		B86160691BFA64040014E1D0 /* UI Helpers */ = {
			isa = PBXGroup;
			children = (
				B861606A1BFA64040014E1D0 /* AlertPanel */,
				B861606D1BFA64040014E1D0 /* CustomUIElement */,
				B861606F1BFA64040014E1D0 /* Keyboard */,
			);
			path = "UI Helpers";
			sourceTree = "<group>";
		};
		B861606A1BFA64040014E1D0 /* AlertPanel */ = {
			isa = PBXGroup;
			children = (
				B861606B1BFA64040014E1D0 /* InvalidInputAlert.swift */,
				B861606C1BFA64040014E1D0 /* InvalidInputAlertView.xib */,
			);
			path = AlertPanel;
			sourceTree = "<group>";
		};
		B861606D1BFA64040014E1D0 /* CustomUIElement */ = {
			isa = PBXGroup;
			children = (
				B861606E1BFA64040014E1D0 /* UIRadiusButton.swift */,
			);
			path = CustomUIElement;
			sourceTree = "<group>";
		};
		B861606F1BFA64040014E1D0 /* Keyboard */ = {
			isa = PBXGroup;
			children = (
				B86160701BFA64040014E1D0 /* Keyboard.swift */,
			);
			path = Keyboard;
			sourceTree = "<group>";
		};
		B861607E1BFA640A0014E1D0 /* Utils */ = {
			isa = PBXGroup;
			children = (
				B861607F1BFA640A0014E1D0 /* Constants.swift */,
				B86160801BFA640A0014E1D0 /* EntryValidation */,
				B86160831BFA640A0014E1D0 /* Extensions */,
				B86160851BFA640A0014E1D0 /* MIME.swift */,
				B86160861BFA640A0014E1D0 /* MixedStream.swift */,
				B86160871BFA640A0014E1D0 /* NetworkingHelper */,
			);
			path = Utils;
			sourceTree = "<group>";
		};
		B86160801BFA640A0014E1D0 /* EntryValidation */ = {
			isa = PBXGroup;
			children = (
				B86160811BFA640A0014E1D0 /* UIValidatableTextField.swift */,
				B86160821BFA640A0014E1D0 /* Validation.swift */,
			);
			path = EntryValidation;
			sourceTree = "<group>";
		};
		B86160831BFA640A0014E1D0 /* Extensions */ = {
			isa = PBXGroup;
			children = (
				B86160841BFA640A0014E1D0 /* UIImageExtensions.swift */,
			);
			path = Extensions;
			sourceTree = "<group>";
		};
		B86160871BFA640A0014E1D0 /* NetworkingHelper */ = {
			isa = PBXGroup;
			children = (
				B86160881BFA640A0014E1D0 /* MultipartUpload.swift */,
				B86160891BFA640A0014E1D0 /* Networking.swift */,
				B861608A1BFA640A0014E1D0 /* TaskCreator.swift */,
			);
			path = NetworkingHelper;
			sourceTree = "<group>";
		};
		B86160941BFA6DF80014E1D0 /* BaseViewController */ = {
			isa = PBXGroup;
			children = (
				B861609B1BFA6EE70014E1D0 /* ZCViewController.swift */,
			);
			name = BaseViewController;
			path = "/Users/TianhangYang/myWorks/zimcher2015/Zimcher/UIKit Ojbects/BaseViewController";
			sourceTree = "<absolute>";
		};
/* End PBXGroup section */

/* Begin PBXNativeTarget section */
		B1A7503B1BFA5307002E92AF /* Zimcher */ = {
			isa = PBXNativeTarget;
			buildConfigurationList = B1A750591BFA5308002E92AF /* Build configuration list for PBXNativeTarget "Zimcher" */;
			buildPhases = (
				B1A750381BFA5307002E92AF /* Sources */,
				B1A750391BFA5307002E92AF /* Frameworks */,
				B1A7503A1BFA5307002E92AF /* Resources */,
				B861609D1BFA713C0014E1D0 /* ShellScript */,
			);
			buildRules = (
			);
			dependencies = (
			);
			name = Zimcher;
			productName = Zimcher;
			productReference = B1A7503C1BFA5307002E92AF /* Zimcher.app */;
			productType = "com.apple.product-type.application";
		};
		B1A7504F1BFA5308002E92AF /* ZimcherTests */ = {
			isa = PBXNativeTarget;
			buildConfigurationList = B1A7505C1BFA5308002E92AF /* Build configuration list for PBXNativeTarget "ZimcherTests" */;
			buildPhases = (
				B1A7504C1BFA5308002E92AF /* Sources */,
				B1A7504D1BFA5308002E92AF /* Frameworks */,
				B1A7504E1BFA5308002E92AF /* Resources */,
			);
			buildRules = (
			);
			dependencies = (
				B1A750521BFA5308002E92AF /* PBXTargetDependency */,
			);
			name = ZimcherTests;
			productName = ZimcherTests;
			productReference = B1A750501BFA5308002E92AF /* ZimcherTests.xctest */;
			productType = "com.apple.product-type.bundle.unit-test";
		};
/* End PBXNativeTarget section */

/* Begin PBXProject section */
		B1A750341BFA5307002E92AF /* Project object */ = {
			isa = PBXProject;
			attributes = {
				LastSwiftUpdateCheck = 0710;
				LastUpgradeCheck = 0710;
				ORGANIZATIONNAME = Zimcher;
				TargetAttributes = {
					B1A7503B1BFA5307002E92AF = {
						CreatedOnToolsVersion = 7.1.1;
					};
					B1A7504F1BFA5308002E92AF = {
						CreatedOnToolsVersion = 7.1.1;
						TestTargetID = B1A7503B1BFA5307002E92AF;
					};
				};
			};
			buildConfigurationList = B1A750371BFA5307002E92AF /* Build configuration list for PBXProject "Zimcher" */;
			compatibilityVersion = "Xcode 3.2";
			developmentRegion = English;
			hasScannedForEncodings = 0;
			knownRegions = (
				en,
				Base,
			);
			mainGroup = B1A750331BFA5307002E92AF;
			productRefGroup = B1A7503D1BFA5307002E92AF /* Products */;
			projectDirPath = "";
			projectRoot = "";
			targets = (
				B1A7503B1BFA5307002E92AF /* Zimcher */,
				B1A7504F1BFA5308002E92AF /* ZimcherTests */,
			);
		};
/* End PBXProject section */

/* Begin PBXResourcesBuildPhase section */
		B1A7503A1BFA5307002E92AF /* Resources */ = {
			isa = PBXResourcesBuildPhase;
			buildActionMask = 2147483647;
			files = (
				B861605C1BFA63F90014E1D0 /* LaunchScreen.storyboard in Resources */,
				B86160721BFA64040014E1D0 /* Main.storyboard in Resources */,
				B86160711BFA64040014E1D0 /* Discover.storyboard in Resources */,
				B861605B1BFA63F90014E1D0 /* Info.plist in Resources */,
				B861607B1BFA64040014E1D0 /* InvalidInputAlertView.xib in Resources */,
				B86160761BFA64040014E1D0 /* LogIn.storyboard in Resources */,
				B86160551BFA63F30014E1D0 /* Assets.xcassets in Resources */,
			);
			runOnlyForDeploymentPostprocessing = 0;
		};
		B1A7504E1BFA5308002E92AF /* Resources */ = {
			isa = PBXResourcesBuildPhase;
			buildActionMask = 2147483647;
			files = (
			);
			runOnlyForDeploymentPostprocessing = 0;
		};
/* End PBXResourcesBuildPhase section */

/* Begin PBXShellScriptBuildPhase section */
		B861609D1BFA713C0014E1D0 /* ShellScript */ = {
			isa = PBXShellScriptBuildPhase;
			buildActionMask = 2147483647;
			files = (
			);
			inputPaths = (
			);
			outputPaths = (
			);
			runOnlyForDeploymentPostprocessing = 0;
			shellPath = /bin/sh;
			shellScript = "TAGS=\"TODO:|FIXME:\"\necho \"searching ${SRCROOT} for ${TAGS}\"\nfind \"${SRCROOT}\" \\( -name \"*.swift\" \\) -print0 | xargs -0 egrep --with-filename --line-number --only-matching \"($TAGS).*\\$\" | perl -p -e \"s/($TAGS)/ warning: \\$1/\"";
		};
/* End PBXShellScriptBuildPhase section */

/* Begin PBXSourcesBuildPhase section */
		B1A750381BFA5307002E92AF /* Sources */ = {
			isa = PBXSourcesBuildPhase;
			buildActionMask = 2147483647;
			files = (
				B86160781BFA64040014E1D0 /* LoginViewController.swift in Sources */,
				B861608B1BFA640A0014E1D0 /* Constants.swift in Sources */,
				B861607A1BFA64040014E1D0 /* InvalidInputAlert.swift in Sources */,
				B86160921BFA640A0014E1D0 /* Networking.swift in Sources */,
				B861607D1BFA64040014E1D0 /* Keyboard.swift in Sources */,
				B861608F1BFA640A0014E1D0 /* MIME.swift in Sources */,
				B861608D1BFA640A0014E1D0 /* Validation.swift in Sources */,
				B86160791BFA64040014E1D0 /* SignUpViewController.swift in Sources */,
				B86160731BFA64040014E1D0 /* TabBarViewController.swift in Sources */,
				B86160911BFA640A0014E1D0 /* MultipartUpload.swift in Sources */,
				B861605A1BFA63F90014E1D0 /* AppDelegate.swift in Sources */,
				B861607C1BFA64040014E1D0 /* UIRadiusButton.swift in Sources */,
				B861608E1BFA640A0014E1D0 /* UIImageExtensions.swift in Sources */,
				B86160751BFA64040014E1D0 /* ForgetPasswordViewController.swift in Sources */,
				B86160771BFA64040014E1D0 /* LogInSignUpViewController.swift in Sources */,
				B86160741BFA64040014E1D0 /* EntryViewController.swift in Sources */,
				B86160931BFA640A0014E1D0 /* TaskCreator.swift in Sources */,
				B861609C1BFA6EE70014E1D0 /* ZCViewController.swift in Sources */,
				B861608C1BFA640A0014E1D0 /* UIValidatableTextField.swift in Sources */,
				B86160901BFA640A0014E1D0 /* MixedStream.swift in Sources */,
			);
			runOnlyForDeploymentPostprocessing = 0;
		};
		B1A7504C1BFA5308002E92AF /* Sources */ = {
			isa = PBXSourcesBuildPhase;
			buildActionMask = 2147483647;
			files = (
				B1A750551BFA5308002E92AF /* ZimcherTests.swift in Sources */,
			);
			runOnlyForDeploymentPostprocessing = 0;
		};
/* End PBXSourcesBuildPhase section */

/* Begin PBXTargetDependency section */
		B1A750521BFA5308002E92AF /* PBXTargetDependency */ = {
			isa = PBXTargetDependency;
			target = B1A7503B1BFA5307002E92AF /* Zimcher */;
			targetProxy = B1A750511BFA5308002E92AF /* PBXContainerItemProxy */;
		};
/* End PBXTargetDependency section */

/* Begin XCBuildConfiguration section */
		B1A750571BFA5308002E92AF /* Debug */ = {
			isa = XCBuildConfiguration;
			buildSettings = {
				ALWAYS_SEARCH_USER_PATHS = NO;
				CLANG_CXX_LANGUAGE_STANDARD = "gnu++0x";
				CLANG_CXX_LIBRARY = "libc++";
				CLANG_ENABLE_MODULES = YES;
				CLANG_ENABLE_OBJC_ARC = YES;
				CLANG_WARN_BOOL_CONVERSION = YES;
				CLANG_WARN_CONSTANT_CONVERSION = YES;
				CLANG_WARN_DIRECT_OBJC_ISA_USAGE = YES_ERROR;
				CLANG_WARN_EMPTY_BODY = YES;
				CLANG_WARN_ENUM_CONVERSION = YES;
				CLANG_WARN_INT_CONVERSION = YES;
				CLANG_WARN_OBJC_ROOT_CLASS = YES_ERROR;
				CLANG_WARN_UNREACHABLE_CODE = YES;
				CLANG_WARN__DUPLICATE_METHOD_MATCH = YES;
				"CODE_SIGN_IDENTITY[sdk=iphoneos*]" = "iPhone Developer";
				COPY_PHASE_STRIP = NO;
				DEBUG_INFORMATION_FORMAT = dwarf;
				ENABLE_STRICT_OBJC_MSGSEND = YES;
				ENABLE_TESTABILITY = YES;
				GCC_C_LANGUAGE_STANDARD = gnu99;
				GCC_DYNAMIC_NO_PIC = NO;
				GCC_NO_COMMON_BLOCKS = YES;
				GCC_OPTIMIZATION_LEVEL = 0;
				GCC_PREPROCESSOR_DEFINITIONS = (
					"DEBUG=1",
					"$(inherited)",
				);
				GCC_WARN_64_TO_32_BIT_CONVERSION = YES;
				GCC_WARN_ABOUT_RETURN_TYPE = YES_ERROR;
				GCC_WARN_UNDECLARED_SELECTOR = YES;
				GCC_WARN_UNINITIALIZED_AUTOS = YES_AGGRESSIVE;
				GCC_WARN_UNUSED_FUNCTION = YES;
				GCC_WARN_UNUSED_VARIABLE = YES;
				IPHONEOS_DEPLOYMENT_TARGET = 9.1;
				MTL_ENABLE_DEBUG_INFO = YES;
				ONLY_ACTIVE_ARCH = YES;
				SDKROOT = iphoneos;
				SWIFT_OPTIMIZATION_LEVEL = "-Onone";
			};
			name = Debug;
		};
		B1A750581BFA5308002E92AF /* Release */ = {
			isa = XCBuildConfiguration;
			buildSettings = {
				ALWAYS_SEARCH_USER_PATHS = NO;
				CLANG_CXX_LANGUAGE_STANDARD = "gnu++0x";
				CLANG_CXX_LIBRARY = "libc++";
				CLANG_ENABLE_MODULES = YES;
				CLANG_ENABLE_OBJC_ARC = YES;
				CLANG_WARN_BOOL_CONVERSION = YES;
				CLANG_WARN_CONSTANT_CONVERSION = YES;
				CLANG_WARN_DIRECT_OBJC_ISA_USAGE = YES_ERROR;
				CLANG_WARN_EMPTY_BODY = YES;
				CLANG_WARN_ENUM_CONVERSION = YES;
				CLANG_WARN_INT_CONVERSION = YES;
				CLANG_WARN_OBJC_ROOT_CLASS = YES_ERROR;
				CLANG_WARN_UNREACHABLE_CODE = YES;
				CLANG_WARN__DUPLICATE_METHOD_MATCH = YES;
				"CODE_SIGN_IDENTITY[sdk=iphoneos*]" = "iPhone Developer";
				COPY_PHASE_STRIP = NO;
				DEBUG_INFORMATION_FORMAT = "dwarf-with-dsym";
				ENABLE_NS_ASSERTIONS = NO;
				ENABLE_STRICT_OBJC_MSGSEND = YES;
				GCC_C_LANGUAGE_STANDARD = gnu99;
				GCC_NO_COMMON_BLOCKS = YES;
				GCC_WARN_64_TO_32_BIT_CONVERSION = YES;
				GCC_WARN_ABOUT_RETURN_TYPE = YES_ERROR;
				GCC_WARN_UNDECLARED_SELECTOR = YES;
				GCC_WARN_UNINITIALIZED_AUTOS = YES_AGGRESSIVE;
				GCC_WARN_UNUSED_FUNCTION = YES;
				GCC_WARN_UNUSED_VARIABLE = YES;
				IPHONEOS_DEPLOYMENT_TARGET = 9.1;
				MTL_ENABLE_DEBUG_INFO = NO;
				SDKROOT = iphoneos;
				VALIDATE_PRODUCT = YES;
			};
			name = Release;
		};
		B1A7505A1BFA5308002E92AF /* Debug */ = {
			isa = XCBuildConfiguration;
			buildSettings = {
				ASSETCATALOG_COMPILER_APPICON_NAME = AppIcon;
				INFOPLIST_FILE = "$(SRCROOT)/Zimcher/Misc/Info.plist";
				LD_RUNPATH_SEARCH_PATHS = "$(inherited) @executable_path/Frameworks";
				PRODUCT_BUNDLE_IDENTIFIER = Zimcher.Zimcher;
				PRODUCT_NAME = "$(TARGET_NAME)";
			};
			name = Debug;
		};
		B1A7505B1BFA5308002E92AF /* Release */ = {
			isa = XCBuildConfiguration;
			buildSettings = {
				ASSETCATALOG_COMPILER_APPICON_NAME = AppIcon;
				INFOPLIST_FILE = "$(SRCROOT)/Zimcher/Misc/Info.plist";
				LD_RUNPATH_SEARCH_PATHS = "$(inherited) @executable_path/Frameworks";
				PRODUCT_BUNDLE_IDENTIFIER = Zimcher.Zimcher;
				PRODUCT_NAME = "$(TARGET_NAME)";
			};
			name = Release;
		};
		B1A7505D1BFA5308002E92AF /* Debug */ = {
			isa = XCBuildConfiguration;
			buildSettings = {
				BUNDLE_LOADER = "$(TEST_HOST)";
				INFOPLIST_FILE = ZimcherTests/Info.plist;
				LD_RUNPATH_SEARCH_PATHS = "$(inherited) @executable_path/Frameworks @loader_path/Frameworks";
				PRODUCT_BUNDLE_IDENTIFIER = Zimcher.ZimcherTests;
				PRODUCT_NAME = "$(TARGET_NAME)";
				TEST_HOST = "$(BUILT_PRODUCTS_DIR)/Zimcher.app/Zimcher";
			};
			name = Debug;
		};
		B1A7505E1BFA5308002E92AF /* Release */ = {
			isa = XCBuildConfiguration;
			buildSettings = {
				BUNDLE_LOADER = "$(TEST_HOST)";
				INFOPLIST_FILE = ZimcherTests/Info.plist;
				LD_RUNPATH_SEARCH_PATHS = "$(inherited) @executable_path/Frameworks @loader_path/Frameworks";
				PRODUCT_BUNDLE_IDENTIFIER = Zimcher.ZimcherTests;
				PRODUCT_NAME = "$(TARGET_NAME)";
				TEST_HOST = "$(BUILT_PRODUCTS_DIR)/Zimcher.app/Zimcher";
			};
			name = Release;
		};
/* End XCBuildConfiguration section */

/* Begin XCConfigurationList section */
		B1A750371BFA5307002E92AF /* Build configuration list for PBXProject "Zimcher" */ = {
			isa = XCConfigurationList;
			buildConfigurations = (
				B1A750571BFA5308002E92AF /* Debug */,
				B1A750581BFA5308002E92AF /* Release */,
			);
			defaultConfigurationIsVisible = 0;
			defaultConfigurationName = Release;
		};
		B1A750591BFA5308002E92AF /* Build configuration list for PBXNativeTarget "Zimcher" */ = {
			isa = XCConfigurationList;
			buildConfigurations = (
				B1A7505A1BFA5308002E92AF /* Debug */,
				B1A7505B1BFA5308002E92AF /* Release */,
			);
			defaultConfigurationIsVisible = 0;
			defaultConfigurationName = Release;
		};
		B1A7505C1BFA5308002E92AF /* Build configuration list for PBXNativeTarget "ZimcherTests" */ = {
			isa = XCConfigurationList;
			buildConfigurations = (
				B1A7505D1BFA5308002E92AF /* Debug */,
				B1A7505E1BFA5308002E92AF /* Release */,
			);
			defaultConfigurationIsVisible = 0;
			defaultConfigurationName = Release;
		};
/* End XCConfigurationList section */
	};
	rootObject = B1A750341BFA5307002E92AF /* Project object */;
}
